
Microsoft Visual Studio Solution File, Format Version 12.00
# Visual Studio Version 17
VisualStudioVersion = 17.10.35013.160
MinimumVisualStudioVersion = 10.0.40219.1
Project("{8BC9CEB8-8B4A-11D0-8D11-00A0C91BC942}") = "1.WeirdAlgorithm", "1.WeirdAlgorithm\1.WeirdAlgorithm.vcxproj", "{B8EC7F1C-E6D2-40DF-8A4C-9183C1FA2736}"
EndProject
Project("{8BC9CEB8-8B4A-11D0-8D11-00A0C91BC942}") = "2.MissingNumber", "2.MissingNumber\2.MissingNumber.vcxproj", "{BAE62DCD-3E20-47AF-A402-1B59D295E20D}"
EndProject
Project("{8BC9CEB8-8B4A-11D0-8D11-00A0C91BC942}") = "3.Repetitions", "3.Repetitions\3.Repetitions.vcxproj", "{E7921FC6-3CFB-4C62-81BA-64298A39115B}"
EndProject
Project("{8BC9CEB8-8B4A-11D0-8D11-00A0C91BC942}") = "3.RepetitionsUsingDynamicProgramming", "3.RepetitionsUsingDynamicProgramming\3.RepetitionsUsingDynamicProgramming.vcxproj", "{D6F011BD-11EB-49AE-8190-DCFAE0E17F7F}"
EndProject
Global
	GlobalSection(SolutionConfigurationPlatforms) = preSolution
		Debug|x64 = Debug|x64
		Debug|x86 = Debug|x86
		Release|x64 = Release|x64
		Release|x86 = Release|x86
	EndGlobalSection
	GlobalSection(ProjectConfigurationPlatforms) = postSolution
		{B8EC7F1C-E6D2-40DF-8A4C-9183C1FA2736}.Debug|x64.ActiveCfg = Debug|x64
		{B8EC7F1C-E6D2-40DF-8A4C-9183C1FA2736}.Debug|x64.Build.0 = Debug|x64
		{B8EC7F1C-E6D2-40DF-8A4C-9183C1FA2736}.Debug|x86.ActiveCfg = Debug|Win32
		{B8EC7F1C-E6D2-40DF-8A4C-9183C1FA2736}.Debug|x86.Build.0 = Debug|Win32
		{B8EC7F1C-E6D2-40DF-8A4C-9183C1FA2736}.Release|x64.ActiveCfg = Release|x64
		{B8EC7F1C-E6D2-40DF-8A4C-9183C1FA2736}.Release|x64.Build.0 = Release|x64
		{B8EC7F1C-E6D2-40DF-8A4C-9183C1FA2736}.Release|x86.ActiveCfg = Release|Win32
		{B8EC7F1C-E6D2-40DF-8A4C-9183C1FA2736}.Release|x86.Build.0 = Release|Win32
		{BAE62DCD-3E20-47AF-A402-1B59D295E20D}.Debug|x64.ActiveCfg = Debug|x64
		{BAE62DCD-3E20-47AF-A402-1B59D295E20D}.Debug|x64.Build.0 = Debug|x64
		{BAE62DCD-3E20-47AF-A402-1B59D295E20D}.Debug|x86.ActiveCfg = Debug|Win32
		{BAE62DCD-3E20-47AF-A402-1B59D295E20D}.Debug|x86.Build.0 = Debug|Win32
		{BAE62DCD-3E20-47AF-A402-1B59D295E20D}.Release|x64.ActiveCfg = Release|x64
		{BAE62DCD-3E20-47AF-A402-1B59D295E20D}.Release|x64.Build.0 = Release|x64
		{BAE62DCD-3E20-47AF-A402-1B59D295E20D}.Release|x86.ActiveCfg = Release|Win32
		{BAE62DCD-3E20-47AF-A402-1B59D295E20D}.Release|x86.Build.0 = Release|Win32
		{E7921FC6-3CFB-4C62-81BA-64298A39115B}.Debug|x64.ActiveCfg = Debug|x64
		{E7921FC6-3CFB-4C62-81BA-64298A39115B}.Debug|x64.Build.0 = Debug|x64
		{E7921FC6-3CFB-4C62-81BA-64298A39115B}.Debug|x86.ActiveCfg = Debug|Win32
		{E7921FC6-3CFB-4C62-81BA-64298A39115B}.Debug|x86.Build.0 = Debug|Win32
		{E7921FC6-3CFB-4C62-81BA-64298A39115B}.Release|x64.ActiveCfg = Release|x64
		{E7921FC6-3CFB-4C62-81BA-64298A39115B}.Release|x64.Build.0 = Release|x64
		{E7921FC6-3CFB-4C62-81BA-64298A39115B}.Release|x86.ActiveCfg = Release|Win32
		{E7921FC6-3CFB-4C62-81BA-64298A39115B}.Release|x86.Build.0 = Release|Win32
		{D6F011BD-11EB-49AE-8190-DCFAE0E17F7F}.Debug|x64.ActiveCfg = Debug|x64
		{D6F011BD-11EB-49AE-8190-DCFAE0E17F7F}.Debug|x64.Build.0 = Debug|x64
		{D6F011BD-11EB-49AE-8190-DCFAE0E17F7F}.Debug|x86.ActiveCfg = Debug|Win32
		{D6F011BD-11EB-49AE-8190-DCFAE0E17F7F}.Debug|x86.Build.0 = Debug|Win32
		{D6F011BD-11EB-49AE-8190-DCFAE0E17F7F}.Release|x64.ActiveCfg = Release|x64
		{D6F011BD-11EB-49AE-8190-DCFAE0E17F7F}.Release|x64.Build.0 = Release|x64
		{D6F011BD-11EB-49AE-8190-DCFAE0E17F7F}.Release|x86.ActiveCfg = Release|Win32
		{D6F011BD-11EB-49AE-8190-DCFAE0E17F7F}.Release|x86.Build.0 = Release|Win32
	EndGlobalSection
	GlobalSection(SolutionProperties) = preSolution
		HideSolutionNode = FALSE
	EndGlobalSection
	GlobalSection(ExtensibilityGlobals) = postSolution
		SolutionGuid = {7F77632D-5580-47A6-AECC-C9E39BAD5038}
	EndGlobalSection
EndGlobal
