
Microsoft Visual Studio Solution File, Format Version 12.00
# Visual Studio Version 17
VisualStudioVersion = 17.10.35013.160
MinimumVisualStudioVersion = 10.0.40219.1
Project("{8BC9CEB8-8B4A-11D0-8D11-00A0C91BC942}") = "1.WeirdAlgorithm", "1.WeirdAlgorithm\1.WeirdAlgorithm.vcxproj", "{B8EC7F1C-E6D2-40DF-8A4C-9183C1FA2736}"
EndProject
Global
	GlobalSection(SolutionConfigurationPlatforms) = preSolution
		Debug|x64 = Debug|x64
		Debug|x86 = Debug|x86
		Release|x64 = Release|x64
		Release|x86 = Release|x86
	EndGlobalSection
	GlobalSection(ProjectConfigurationPlatforms) = postSolution
		{B8EC7F1C-E6D2-40DF-8A4C-9183C1FA2736}.Debug|x64.ActiveCfg = Debug|x64
		{B8EC7F1C-E6D2-40DF-8A4C-9183C1FA2736}.Debug|x64.Build.0 = Debug|x64
		{B8EC7F1C-E6D2-40DF-8A4C-9183C1FA2736}.Debug|x86.ActiveCfg = Debug|Win32
		{B8EC7F1C-E6D2-40DF-8A4C-9183C1FA2736}.Debug|x86.Build.0 = Debug|Win32
		{B8EC7F1C-E6D2-40DF-8A4C-9183C1FA2736}.Release|x64.ActiveCfg = Release|x64
		{B8EC7F1C-E6D2-40DF-8A4C-9183C1FA2736}.Release|x64.Build.0 = Release|x64
		{B8EC7F1C-E6D2-40DF-8A4C-9183C1FA2736}.Release|x86.ActiveCfg = Release|Win32
		{B8EC7F1C-E6D2-40DF-8A4C-9183C1FA2736}.Release|x86.Build.0 = Release|Win32
	EndGlobalSection
	GlobalSection(SolutionProperties) = preSolution
		HideSolutionNode = FALSE
	EndGlobalSection
	GlobalSection(ExtensibilityGlobals) = postSolution
		SolutionGuid = {7F77632D-5580-47A6-AECC-C9E39BAD5038}
	EndGlobalSection
EndGlobal
